// !$*UTF8*$!
{
	archiveVersion = 1;
	classes = {
	};
	objectVersion = 46;
	objects = {

/* Begin PBXBuildFile section */
		CB41DD531ACB85400082712F /* MKAnnotationView+WebCache.m in Sources */ = {isa = PBXBuildFile; fileRef = CB41DD331ACB85400082712F /* MKAnnotationView+WebCache.m */; };
		CB41DD541ACB85400082712F /* NSData+ImageContentType.m in Sources */ = {isa = PBXBuildFile; fileRef = CB41DD351ACB85400082712F /* NSData+ImageContentType.m */; };
		CB41DD551ACB85400082712F /* SDImageCache.m in Sources */ = {isa = PBXBuildFile; fileRef = CB41DD371ACB85400082712F /* SDImageCache.m */; };
		CB41DD561ACB85400082712F /* SDWebImageCompat.m in Sources */ = {isa = PBXBuildFile; fileRef = CB41DD391ACB85400082712F /* SDWebImageCompat.m */; };
		CB41DD571ACB85400082712F /* SDWebImageDecoder.m in Sources */ = {isa = PBXBuildFile; fileRef = CB41DD3B1ACB85400082712F /* SDWebImageDecoder.m */; };
		CB41DD581ACB85400082712F /* SDWebImageDownloader.m in Sources */ = {isa = PBXBuildFile; fileRef = CB41DD3D1ACB85400082712F /* SDWebImageDownloader.m */; };
		CB41DD591ACB85400082712F /* SDWebImageDownloaderOperation.m in Sources */ = {isa = PBXBuildFile; fileRef = CB41DD3F1ACB85400082712F /* SDWebImageDownloaderOperation.m */; };
		CB41DD5A1ACB85400082712F /* SDWebImageManager.m in Sources */ = {isa = PBXBuildFile; fileRef = CB41DD411ACB85400082712F /* SDWebImageManager.m */; };
		CB41DD5B1ACB85400082712F /* SDWebImagePrefetcher.m in Sources */ = {isa = PBXBuildFile; fileRef = CB41DD441ACB85400082712F /* SDWebImagePrefetcher.m */; };
		CB41DD5C1ACB85400082712F /* UIButton+WebCache.m in Sources */ = {isa = PBXBuildFile; fileRef = CB41DD461ACB85400082712F /* UIButton+WebCache.m */; };
		CB41DD5D1ACB85400082712F /* UIImage+GIF.m in Sources */ = {isa = PBXBuildFile; fileRef = CB41DD481ACB85400082712F /* UIImage+GIF.m */; };
		CB41DD5E1ACB85400082712F /* UIImage+MultiFormat.m in Sources */ = {isa = PBXBuildFile; fileRef = CB41DD4A1ACB85400082712F /* UIImage+MultiFormat.m */; };
		CB41DD5F1ACB85400082712F /* UIImage+WebP.m in Sources */ = {isa = PBXBuildFile; fileRef = CB41DD4C1ACB85400082712F /* UIImage+WebP.m */; };
		CB41DD601ACB85400082712F /* UIImageView+HighlightedWebCache.m in Sources */ = {isa = PBXBuildFile; fileRef = CB41DD4E1ACB85400082712F /* UIImageView+HighlightedWebCache.m */; };
		CB41DD611ACB85400082712F /* UIImageView+WebCache.m in Sources */ = {isa = PBXBuildFile; fileRef = CB41DD501ACB85400082712F /* UIImageView+WebCache.m */; };
		CB41DD621ACB85400082712F /* UIView+WebCacheOperation.m in Sources */ = {isa = PBXBuildFile; fileRef = CB41DD521ACB85400082712F /* UIView+WebCacheOperation.m */; };
		CB41DD651ACB91BF0082712F /* JYWaterFallCollectionViewCell.m in Sources */ = {isa = PBXBuildFile; fileRef = CB41DD641ACB91BF0082712F /* JYWaterFallCollectionViewCell.m */; };
		CB41DD681ACB91F10082712F /* JYWaterFallFlowLayout.m in Sources */ = {isa = PBXBuildFile; fileRef = CB41DD671ACB91F10082712F /* JYWaterFallFlowLayout.m */; };
		CB5F0FCE1AD644A100E2D907 /* JYAnimation4ViewController.m in Sources */ = {isa = PBXBuildFile; fileRef = CB5F0FCD1AD644A100E2D907 /* JYAnimation4ViewController.m */; };
		CB5F0FD11AD648C700E2D907 /* JYAnimation5ViewController.m in Sources */ = {isa = PBXBuildFile; fileRef = CB5F0FD01AD648C700E2D907 /* JYAnimation5ViewController.m */; };
		CB6C19551ACA3307002E8D76 /* main.m in Sources */ = {isa = PBXBuildFile; fileRef = CB6C19541ACA3307002E8D76 /* main.m */; };
		CB6C19581ACA3307002E8D76 /* AppDelegate.m in Sources */ = {isa = PBXBuildFile; fileRef = CB6C19571ACA3307002E8D76 /* AppDelegate.m */; };
		CB6C195B1ACA3307002E8D76 /* ViewController.m in Sources */ = {isa = PBXBuildFile; fileRef = CB6C195A1ACA3307002E8D76 /* ViewController.m */; };
		CB6C195E1ACA3307002E8D76 /* Main.storyboard in Resources */ = {isa = PBXBuildFile; fileRef = CB6C195C1ACA3307002E8D76 /* Main.storyboard */; };
		CB6C19601ACA3307002E8D76 /* Images.xcassets in Resources */ = {isa = PBXBuildFile; fileRef = CB6C195F1ACA3307002E8D76 /* Images.xcassets */; };
		CB6C19631ACA3307002E8D76 /* LaunchScreen.xib in Resources */ = {isa = PBXBuildFile; fileRef = CB6C19611ACA3307002E8D76 /* LaunchScreen.xib */; };
		CB6C196F1ACA3307002E8D76 /* ByteWorldTests.m in Sources */ = {isa = PBXBuildFile; fileRef = CB6C196E1ACA3307002E8D76 /* ByteWorldTests.m */; };
		CB6C197E1ACA3566002E8D76 /* JYTabbarViewController.m in Sources */ = {isa = PBXBuildFile; fileRef = CB6C197D1ACA3566002E8D76 /* JYTabbarViewController.m */; };
		CB6C19841ACA35D1002E8D76 /* JYTabBar1ViewController.m in Sources */ = {isa = PBXBuildFile; fileRef = CB6C19831ACA35D1002E8D76 /* JYTabBar1ViewController.m */; };
		CB6C19871ACA35DA002E8D76 /* JYTabBar2ViewController.m in Sources */ = {isa = PBXBuildFile; fileRef = CB6C19861ACA35DA002E8D76 /* JYTabBar2ViewController.m */; };
		CB6C198A1ACA35E8002E8D76 /* JYTabBar3ViewController.m in Sources */ = {isa = PBXBuildFile; fileRef = CB6C19891ACA35E8002E8D76 /* JYTabBar3ViewController.m */; };
		CB6C198D1ACA4C6B002E8D76 /* JYTabBar4ViewController.m in Sources */ = {isa = PBXBuildFile; fileRef = CB6C198C1ACA4C6B002E8D76 /* JYTabBar4ViewController.m */; };
		CB6C19901ACA6A55002E8D76 /* JYTabPushViewController.m in Sources */ = {isa = PBXBuildFile; fileRef = CB6C198F1ACA6A55002E8D76 /* JYTabPushViewController.m */; };
		CB6C19951ACA81DE002E8D76 /* JYWaterFallViewController.m in Sources */ = {isa = PBXBuildFile; fileRef = CB6C19941ACA81DE002E8D76 /* JYWaterFallViewController.m */; };
		CB8C1DDC1AD61AA3007A08B9 /* JYAnimationViewController.m in Sources */ = {isa = PBXBuildFile; fileRef = CB8C1DDB1AD61AA3007A08B9 /* JYAnimationViewController.m */; };
		CB8C1DDF1AD61D2D007A08B9 /* JYAnimation0ViewController.m in Sources */ = {isa = PBXBuildFile; fileRef = CB8C1DDE1AD61D2D007A08B9 /* JYAnimation0ViewController.m */; };
		CB8C1DE21AD6221E007A08B9 /* JYAnimation1ViewController.m in Sources */ = {isa = PBXBuildFile; fileRef = CB8C1DE11AD6221E007A08B9 /* JYAnimation1ViewController.m */; };
		CB8C1DE51AD625DD007A08B9 /* JYAnimation2ViewController.m in Sources */ = {isa = PBXBuildFile; fileRef = CB8C1DE41AD625DD007A08B9 /* JYAnimation2ViewController.m */; };
		CB8C1DE81AD62FF8007A08B9 /* JYAnimation3ViewController.m in Sources */ = {isa = PBXBuildFile; fileRef = CB8C1DE71AD62FF8007A08B9 /* JYAnimation3ViewController.m */; };
		CBCF568B1AD650F70085EB16 /* JYTableViewController.m in Sources */ = {isa = PBXBuildFile; fileRef = CBCF568A1AD650F70085EB16 /* JYTableViewController.m */; };
		CBCF568E1AD651250085EB16 /* JYKitViewController.m in Sources */ = {isa = PBXBuildFile; fileRef = CBCF568D1AD651250085EB16 /* JYKitViewController.m */; };
		CBCF56931AD65F540085EB16 /* JYAlertViewController.m in Sources */ = {isa = PBXBuildFile; fileRef = CBCF56921AD65F540085EB16 /* JYAlertViewController.m */; };
		CBCF56961AD65FE10085EB16 /* JYAnimation6ViewController.m in Sources */ = {isa = PBXBuildFile; fileRef = CBCF56951AD65FE10085EB16 /* JYAnimation6ViewController.m */; };
		FE8F54511AD0DE4D009FA217 /* JYPinGestureViewController.m in Sources */ = {isa = PBXBuildFile; fileRef = FE8F54501AD0DE4D009FA217 /* JYPinGestureViewController.m */; };
		FE8F54551AD10E44009FA217 /* JYLockViewController.m in Sources */ = {isa = PBXBuildFile; fileRef = FE8F54541AD10E44009FA217 /* JYLockViewController.m */; };
		FE8F54581AD10F7F009FA217 /* JYLockView.m in Sources */ = {isa = PBXBuildFile; fileRef = FE8F54571AD10F7F009FA217 /* JYLockView.m */; };
		FE8F54601AD12616009FA217 /* JYClockSlipViewController.m in Sources */ = {isa = PBXBuildFile; fileRef = FE8F545F1AD12616009FA217 /* JYClockSlipViewController.m */; };
		FE8F546D1AD128BF009FA217 /* JYListTableViewController.m in Sources */ = {isa = PBXBuildFile; fileRef = FE8F54641AD128BF009FA217 /* JYListTableViewController.m */; };
		FE8F546E1AD128BF009FA217 /* JYFriendsModel.m in Sources */ = {isa = PBXBuildFile; fileRef = FE8F54671AD128BF009FA217 /* JYFriendsModel.m */; };
		FE8F546F1AD128BF009FA217 /* JYGroupModel.m in Sources */ = {isa = PBXBuildFile; fileRef = FE8F54691AD128BF009FA217 /* JYGroupModel.m */; };
		FE8F54701AD128BF009FA217 /* JYHeaderView.m in Sources */ = {isa = PBXBuildFile; fileRef = FE8F546C1AD128BF009FA217 /* JYHeaderView.m */; };
		FE8F54721AD1294C009FA217 /* friends.plist in Resources */ = {isa = PBXBuildFile; fileRef = FE8F54711AD1294C009FA217 /* friends.plist */; };
/* End PBXBuildFile section */

/* Begin PBXContainerItemProxy section */
		CB6C19691ACA3307002E8D76 /* PBXContainerItemProxy */ = {
			isa = PBXContainerItemProxy;
			containerPortal = CB6C19471ACA3307002E8D76 /* Project object */;
			proxyType = 1;
			remoteGlobalIDString = CB6C194E1ACA3307002E8D76;
			remoteInfo = ByteWorld;
		};
/* End PBXContainerItemProxy section */

/* Begin PBXFileReference section */
		CB41DD321ACB85400082712F /* MKAnnotationView+WebCache.h */ = {isa = PBXFileReference; fileEncoding = 4; lastKnownFileType = sourcecode.c.h; path = "MKAnnotationView+WebCache.h"; sourceTree = "<group>"; };
		CB41DD331ACB85400082712F /* MKAnnotationView+WebCache.m */ = {isa = PBXFileReference; fileEncoding = 4; lastKnownFileType = sourcecode.c.objc; path = "MKAnnotationView+WebCache.m"; sourceTree = "<group>"; };
		CB41DD341ACB85400082712F /* NSData+ImageContentType.h */ = {isa = PBXFileReference; fileEncoding = 4; lastKnownFileType = sourcecode.c.h; path = "NSData+ImageContentType.h"; sourceTree = "<group>"; };
		CB41DD351ACB85400082712F /* NSData+ImageContentType.m */ = {isa = PBXFileReference; fileEncoding = 4; lastKnownFileType = sourcecode.c.objc; path = "NSData+ImageContentType.m"; sourceTree = "<group>"; };
		CB41DD361ACB85400082712F /* SDImageCache.h */ = {isa = PBXFileReference; fileEncoding = 4; lastKnownFileType = sourcecode.c.h; path = SDImageCache.h; sourceTree = "<group>"; };
		CB41DD371ACB85400082712F /* SDImageCache.m */ = {isa = PBXFileReference; fileEncoding = 4; lastKnownFileType = sourcecode.c.objc; path = SDImageCache.m; sourceTree = "<group>"; };
		CB41DD381ACB85400082712F /* SDWebImageCompat.h */ = {isa = PBXFileReference; fileEncoding = 4; lastKnownFileType = sourcecode.c.h; path = SDWebImageCompat.h; sourceTree = "<group>"; };
		CB41DD391ACB85400082712F /* SDWebImageCompat.m */ = {isa = PBXFileReference; fileEncoding = 4; lastKnownFileType = sourcecode.c.objc; path = SDWebImageCompat.m; sourceTree = "<group>"; };
		CB41DD3A1ACB85400082712F /* SDWebImageDecoder.h */ = {isa = PBXFileReference; fileEncoding = 4; lastKnownFileType = sourcecode.c.h; path = SDWebImageDecoder.h; sourceTree = "<group>"; };
		CB41DD3B1ACB85400082712F /* SDWebImageDecoder.m */ = {isa = PBXFileReference; fileEncoding = 4; lastKnownFileType = sourcecode.c.objc; path = SDWebImageDecoder.m; sourceTree = "<group>"; };
		CB41DD3C1ACB85400082712F /* SDWebImageDownloader.h */ = {isa = PBXFileReference; fileEncoding = 4; lastKnownFileType = sourcecode.c.h; path = SDWebImageDownloader.h; sourceTree = "<group>"; };
		CB41DD3D1ACB85400082712F /* SDWebImageDownloader.m */ = {isa = PBXFileReference; fileEncoding = 4; lastKnownFileType = sourcecode.c.objc; path = SDWebImageDownloader.m; sourceTree = "<group>"; };
		CB41DD3E1ACB85400082712F /* SDWebImageDownloaderOperation.h */ = {isa = PBXFileReference; fileEncoding = 4; lastKnownFileType = sourcecode.c.h; path = SDWebImageDownloaderOperation.h; sourceTree = "<group>"; };
		CB41DD3F1ACB85400082712F /* SDWebImageDownloaderOperation.m */ = {isa = PBXFileReference; fileEncoding = 4; lastKnownFileType = sourcecode.c.objc; path = SDWebImageDownloaderOperation.m; sourceTree = "<group>"; };
		CB41DD401ACB85400082712F /* SDWebImageManager.h */ = {isa = PBXFileReference; fileEncoding = 4; lastKnownFileType = sourcecode.c.h; path = SDWebImageManager.h; sourceTree = "<group>"; };
		CB41DD411ACB85400082712F /* SDWebImageManager.m */ = {isa = PBXFileReference; fileEncoding = 4; lastKnownFileType = sourcecode.c.objc; path = SDWebImageManager.m; sourceTree = "<group>"; };
		CB41DD421ACB85400082712F /* SDWebImageOperation.h */ = {isa = PBXFileReference; fileEncoding = 4; lastKnownFileType = sourcecode.c.h; path = SDWebImageOperation.h; sourceTree = "<group>"; };
		CB41DD431ACB85400082712F /* SDWebImagePrefetcher.h */ = {isa = PBXFileReference; fileEncoding = 4; lastKnownFileType = sourcecode.c.h; path = SDWebImagePrefetcher.h; sourceTree = "<group>"; };
		CB41DD441ACB85400082712F /* SDWebImagePrefetcher.m */ = {isa = PBXFileReference; fileEncoding = 4; lastKnownFileType = sourcecode.c.objc; path = SDWebImagePrefetcher.m; sourceTree = "<group>"; };
		CB41DD451ACB85400082712F /* UIButton+WebCache.h */ = {isa = PBXFileReference; fileEncoding = 4; lastKnownFileType = sourcecode.c.h; path = "UIButton+WebCache.h"; sourceTree = "<group>"; };
		CB41DD461ACB85400082712F /* UIButton+WebCache.m */ = {isa = PBXFileReference; fileEncoding = 4; lastKnownFileType = sourcecode.c.objc; path = "UIButton+WebCache.m"; sourceTree = "<group>"; };
		CB41DD471ACB85400082712F /* UIImage+GIF.h */ = {isa = PBXFileReference; fileEncoding = 4; lastKnownFileType = sourcecode.c.h; path = "UIImage+GIF.h"; sourceTree = "<group>"; };
		CB41DD481ACB85400082712F /* UIImage+GIF.m */ = {isa = PBXFileReference; fileEncoding = 4; lastKnownFileType = sourcecode.c.objc; path = "UIImage+GIF.m"; sourceTree = "<group>"; };
		CB41DD491ACB85400082712F /* UIImage+MultiFormat.h */ = {isa = PBXFileReference; fileEncoding = 4; lastKnownFileType = sourcecode.c.h; path = "UIImage+MultiFormat.h"; sourceTree = "<group>"; };
		CB41DD4A1ACB85400082712F /* UIImage+MultiFormat.m */ = {isa = PBXFileReference; fileEncoding = 4; lastKnownFileType = sourcecode.c.objc; path = "UIImage+MultiFormat.m"; sourceTree = "<group>"; };
		CB41DD4B1ACB85400082712F /* UIImage+WebP.h */ = {isa = PBXFileReference; fileEncoding = 4; lastKnownFileType = sourcecode.c.h; path = "UIImage+WebP.h"; sourceTree = "<group>"; };
		CB41DD4C1ACB85400082712F /* UIImage+WebP.m */ = {isa = PBXFileReference; fileEncoding = 4; lastKnownFileType = sourcecode.c.objc; path = "UIImage+WebP.m"; sourceTree = "<group>"; };
		CB41DD4D1ACB85400082712F /* UIImageView+HighlightedWebCache.h */ = {isa = PBXFileReference; fileEncoding = 4; lastKnownFileType = sourcecode.c.h; path = "UIImageView+HighlightedWebCache.h"; sourceTree = "<group>"; };
		CB41DD4E1ACB85400082712F /* UIImageView+HighlightedWebCache.m */ = {isa = PBXFileReference; fileEncoding = 4; lastKnownFileType = sourcecode.c.objc; path = "UIImageView+HighlightedWebCache.m"; sourceTree = "<group>"; };
		CB41DD4F1ACB85400082712F /* UIImageView+WebCache.h */ = {isa = PBXFileReference; fileEncoding = 4; lastKnownFileType = sourcecode.c.h; path = "UIImageView+WebCache.h"; sourceTree = "<group>"; };
		CB41DD501ACB85400082712F /* UIImageView+WebCache.m */ = {isa = PBXFileReference; fileEncoding = 4; lastKnownFileType = sourcecode.c.objc; path = "UIImageView+WebCache.m"; sourceTree = "<group>"; };
		CB41DD511ACB85400082712F /* UIView+WebCacheOperation.h */ = {isa = PBXFileReference; fileEncoding = 4; lastKnownFileType = sourcecode.c.h; path = "UIView+WebCacheOperation.h"; sourceTree = "<group>"; };
		CB41DD521ACB85400082712F /* UIView+WebCacheOperation.m */ = {isa = PBXFileReference; fileEncoding = 4; lastKnownFileType = sourcecode.c.objc; path = "UIView+WebCacheOperation.m"; sourceTree = "<group>"; };
		CB41DD631ACB91BF0082712F /* JYWaterFallCollectionViewCell.h */ = {isa = PBXFileReference; fileEncoding = 4; lastKnownFileType = sourcecode.c.h; path = JYWaterFallCollectionViewCell.h; sourceTree = "<group>"; };
		CB41DD641ACB91BF0082712F /* JYWaterFallCollectionViewCell.m */ = {isa = PBXFileReference; fileEncoding = 4; lastKnownFileType = sourcecode.c.objc; path = JYWaterFallCollectionViewCell.m; sourceTree = "<group>"; };
		CB41DD661ACB91F10082712F /* JYWaterFallFlowLayout.h */ = {isa = PBXFileReference; fileEncoding = 4; lastKnownFileType = sourcecode.c.h; path = JYWaterFallFlowLayout.h; sourceTree = "<group>"; };
		CB41DD671ACB91F10082712F /* JYWaterFallFlowLayout.m */ = {isa = PBXFileReference; fileEncoding = 4; lastKnownFileType = sourcecode.c.objc; path = JYWaterFallFlowLayout.m; sourceTree = "<group>"; };
		CB5F0FCC1AD644A100E2D907 /* JYAnimation4ViewController.h */ = {isa = PBXFileReference; fileEncoding = 4; lastKnownFileType = sourcecode.c.h; path = JYAnimation4ViewController.h; sourceTree = "<group>"; };
		CB5F0FCD1AD644A100E2D907 /* JYAnimation4ViewController.m */ = {isa = PBXFileReference; fileEncoding = 4; lastKnownFileType = sourcecode.c.objc; path = JYAnimation4ViewController.m; sourceTree = "<group>"; };
		CB5F0FCF1AD648C700E2D907 /* JYAnimation5ViewController.h */ = {isa = PBXFileReference; fileEncoding = 4; lastKnownFileType = sourcecode.c.h; path = JYAnimation5ViewController.h; sourceTree = "<group>"; };
		CB5F0FD01AD648C700E2D907 /* JYAnimation5ViewController.m */ = {isa = PBXFileReference; fileEncoding = 4; lastKnownFileType = sourcecode.c.objc; path = JYAnimation5ViewController.m; sourceTree = "<group>"; };
		CB6C194F1ACA3307002E8D76 /* ByteWorld.app */ = {isa = PBXFileReference; explicitFileType = wrapper.application; includeInIndex = 0; path = ByteWorld.app; sourceTree = BUILT_PRODUCTS_DIR; };
		CB6C19531ACA3307002E8D76 /* Info.plist */ = {isa = PBXFileReference; lastKnownFileType = text.plist.xml; path = Info.plist; sourceTree = "<group>"; };
		CB6C19541ACA3307002E8D76 /* main.m */ = {isa = PBXFileReference; lastKnownFileType = sourcecode.c.objc; path = main.m; sourceTree = "<group>"; };
		CB6C19561ACA3307002E8D76 /* AppDelegate.h */ = {isa = PBXFileReference; lastKnownFileType = sourcecode.c.h; path = AppDelegate.h; sourceTree = "<group>"; };
		CB6C19571ACA3307002E8D76 /* AppDelegate.m */ = {isa = PBXFileReference; lastKnownFileType = sourcecode.c.objc; path = AppDelegate.m; sourceTree = "<group>"; };
		CB6C19591ACA3307002E8D76 /* ViewController.h */ = {isa = PBXFileReference; lastKnownFileType = sourcecode.c.h; path = ViewController.h; sourceTree = "<group>"; };
		CB6C195A1ACA3307002E8D76 /* ViewController.m */ = {isa = PBXFileReference; lastKnownFileType = sourcecode.c.objc; path = ViewController.m; sourceTree = "<group>"; };
		CB6C195D1ACA3307002E8D76 /* Base */ = {isa = PBXFileReference; lastKnownFileType = file.storyboard; name = Base; path = Base.lproj/Main.storyboard; sourceTree = "<group>"; };
		CB6C195F1ACA3307002E8D76 /* Images.xcassets */ = {isa = PBXFileReference; lastKnownFileType = folder.assetcatalog; path = Images.xcassets; sourceTree = "<group>"; };
		CB6C19621ACA3307002E8D76 /* Base */ = {isa = PBXFileReference; lastKnownFileType = file.xib; name = Base; path = Base.lproj/LaunchScreen.xib; sourceTree = "<group>"; };
		CB6C19681ACA3307002E8D76 /* ByteWorldTests.xctest */ = {isa = PBXFileReference; explicitFileType = wrapper.cfbundle; includeInIndex = 0; path = ByteWorldTests.xctest; sourceTree = BUILT_PRODUCTS_DIR; };
		CB6C196D1ACA3307002E8D76 /* Info.plist */ = {isa = PBXFileReference; lastKnownFileType = text.plist.xml; path = Info.plist; sourceTree = "<group>"; };
		CB6C196E1ACA3307002E8D76 /* ByteWorldTests.m */ = {isa = PBXFileReference; lastKnownFileType = sourcecode.c.objc; path = ByteWorldTests.m; sourceTree = "<group>"; };
		CB6C197C1ACA3566002E8D76 /* JYTabbarViewController.h */ = {isa = PBXFileReference; fileEncoding = 4; lastKnownFileType = sourcecode.c.h; path = JYTabbarViewController.h; sourceTree = "<group>"; };
		CB6C197D1ACA3566002E8D76 /* JYTabbarViewController.m */ = {isa = PBXFileReference; fileEncoding = 4; lastKnownFileType = sourcecode.c.objc; path = JYTabbarViewController.m; sourceTree = "<group>"; };
		CB6C19821ACA35D1002E8D76 /* JYTabBar1ViewController.h */ = {isa = PBXFileReference; fileEncoding = 4; lastKnownFileType = sourcecode.c.h; path = JYTabBar1ViewController.h; sourceTree = "<group>"; };
		CB6C19831ACA35D1002E8D76 /* JYTabBar1ViewController.m */ = {isa = PBXFileReference; fileEncoding = 4; lastKnownFileType = sourcecode.c.objc; path = JYTabBar1ViewController.m; sourceTree = "<group>"; };
		CB6C19851ACA35DA002E8D76 /* JYTabBar2ViewController.h */ = {isa = PBXFileReference; fileEncoding = 4; lastKnownFileType = sourcecode.c.h; path = JYTabBar2ViewController.h; sourceTree = "<group>"; };
		CB6C19861ACA35DA002E8D76 /* JYTabBar2ViewController.m */ = {isa = PBXFileReference; fileEncoding = 4; lastKnownFileType = sourcecode.c.objc; path = JYTabBar2ViewController.m; sourceTree = "<group>"; };
		CB6C19881ACA35E8002E8D76 /* JYTabBar3ViewController.h */ = {isa = PBXFileReference; fileEncoding = 4; lastKnownFileType = sourcecode.c.h; path = JYTabBar3ViewController.h; sourceTree = "<group>"; };
		CB6C19891ACA35E8002E8D76 /* JYTabBar3ViewController.m */ = {isa = PBXFileReference; fileEncoding = 4; lastKnownFileType = sourcecode.c.objc; path = JYTabBar3ViewController.m; sourceTree = "<group>"; };
		CB6C198B1ACA4C6B002E8D76 /* JYTabBar4ViewController.h */ = {isa = PBXFileReference; fileEncoding = 4; lastKnownFileType = sourcecode.c.h; path = JYTabBar4ViewController.h; sourceTree = "<group>"; };
		CB6C198C1ACA4C6B002E8D76 /* JYTabBar4ViewController.m */ = {isa = PBXFileReference; fileEncoding = 4; lastKnownFileType = sourcecode.c.objc; path = JYTabBar4ViewController.m; sourceTree = "<group>"; };
		CB6C198E1ACA6A55002E8D76 /* JYTabPushViewController.h */ = {isa = PBXFileReference; fileEncoding = 4; lastKnownFileType = sourcecode.c.h; path = JYTabPushViewController.h; sourceTree = "<group>"; };
		CB6C198F1ACA6A55002E8D76 /* JYTabPushViewController.m */ = {isa = PBXFileReference; fileEncoding = 4; lastKnownFileType = sourcecode.c.objc; path = JYTabPushViewController.m; sourceTree = "<group>"; };
		CB6C19931ACA81DE002E8D76 /* JYWaterFallViewController.h */ = {isa = PBXFileReference; fileEncoding = 4; lastKnownFileType = sourcecode.c.h; path = JYWaterFallViewController.h; sourceTree = "<group>"; };
		CB6C19941ACA81DE002E8D76 /* JYWaterFallViewController.m */ = {isa = PBXFileReference; fileEncoding = 4; lastKnownFileType = sourcecode.c.objc; path = JYWaterFallViewController.m; sourceTree = "<group>"; };
		CB8C1DDA1AD61AA3007A08B9 /* JYAnimationViewController.h */ = {isa = PBXFileReference; fileEncoding = 4; lastKnownFileType = sourcecode.c.h; path = JYAnimationViewController.h; sourceTree = "<group>"; };
		CB8C1DDB1AD61AA3007A08B9 /* JYAnimationViewController.m */ = {isa = PBXFileReference; fileEncoding = 4; lastKnownFileType = sourcecode.c.objc; path = JYAnimationViewController.m; sourceTree = "<group>"; };
		CB8C1DDD1AD61D2D007A08B9 /* JYAnimation0ViewController.h */ = {isa = PBXFileReference; fileEncoding = 4; lastKnownFileType = sourcecode.c.h; path = JYAnimation0ViewController.h; sourceTree = "<group>"; };
		CB8C1DDE1AD61D2D007A08B9 /* JYAnimation0ViewController.m */ = {isa = PBXFileReference; fileEncoding = 4; lastKnownFileType = sourcecode.c.objc; path = JYAnimation0ViewController.m; sourceTree = "<group>"; };
		CB8C1DE01AD6221E007A08B9 /* JYAnimation1ViewController.h */ = {isa = PBXFileReference; fileEncoding = 4; lastKnownFileType = sourcecode.c.h; path = JYAnimation1ViewController.h; sourceTree = "<group>"; };
		CB8C1DE11AD6221E007A08B9 /* JYAnimation1ViewController.m */ = {isa = PBXFileReference; fileEncoding = 4; lastKnownFileType = sourcecode.c.objc; path = JYAnimation1ViewController.m; sourceTree = "<group>"; };
		CB8C1DE31AD625DD007A08B9 /* JYAnimation2ViewController.h */ = {isa = PBXFileReference; fileEncoding = 4; lastKnownFileType = sourcecode.c.h; path = JYAnimation2ViewController.h; sourceTree = "<group>"; };
		CB8C1DE41AD625DD007A08B9 /* JYAnimation2ViewController.m */ = {isa = PBXFileReference; fileEncoding = 4; lastKnownFileType = sourcecode.c.objc; path = JYAnimation2ViewController.m; sourceTree = "<group>"; };
		CB8C1DE61AD62FF8007A08B9 /* JYAnimation3ViewController.h */ = {isa = PBXFileReference; fileEncoding = 4; lastKnownFileType = sourcecode.c.h; path = JYAnimation3ViewController.h; sourceTree = "<group>"; };
		CB8C1DE71AD62FF8007A08B9 /* JYAnimation3ViewController.m */ = {isa = PBXFileReference; fileEncoding = 4; lastKnownFileType = sourcecode.c.objc; path = JYAnimation3ViewController.m; sourceTree = "<group>"; };
		CBCF56891AD650F70085EB16 /* JYTableViewController.h */ = {isa = PBXFileReference; fileEncoding = 4; lastKnownFileType = sourcecode.c.h; path = JYTableViewController.h; sourceTree = "<group>"; };
		CBCF568A1AD650F70085EB16 /* JYTableViewController.m */ = {isa = PBXFileReference; fileEncoding = 4; lastKnownFileType = sourcecode.c.objc; path = JYTableViewController.m; sourceTree = "<group>"; };
		CBCF568C1AD651250085EB16 /* JYKitViewController.h */ = {isa = PBXFileReference; fileEncoding = 4; lastKnownFileType = sourcecode.c.h; path = JYKitViewController.h; sourceTree = "<group>"; };
		CBCF568D1AD651250085EB16 /* JYKitViewController.m */ = {isa = PBXFileReference; fileEncoding = 4; lastKnownFileType = sourcecode.c.objc; path = JYKitViewController.m; sourceTree = "<group>"; };
		CBCF56911AD65F540085EB16 /* JYAlertViewController.h */ = {isa = PBXFileReference; fileEncoding = 4; lastKnownFileType = sourcecode.c.h; path = JYAlertViewController.h; sourceTree = "<group>"; };
		CBCF56921AD65F540085EB16 /* JYAlertViewController.m */ = {isa = PBXFileReference; fileEncoding = 4; lastKnownFileType = sourcecode.c.objc; path = JYAlertViewController.m; sourceTree = "<group>"; };
		CBCF56941AD65FE10085EB16 /* JYAnimation6ViewController.h */ = {isa = PBXFileReference; fileEncoding = 4; lastKnownFileType = sourcecode.c.h; path = JYAnimation6ViewController.h; sourceTree = "<group>"; };
		CBCF56951AD65FE10085EB16 /* JYAnimation6ViewController.m */ = {isa = PBXFileReference; fileEncoding = 4; lastKnownFileType = sourcecode.c.objc; path = JYAnimation6ViewController.m; sourceTree = "<group>"; };
		FE8F544F1AD0DE4D009FA217 /* JYPinGestureViewController.h */ = {isa = PBXFileReference; fileEncoding = 4; lastKnownFileType = sourcecode.c.h; path = JYPinGestureViewController.h; sourceTree = "<group>"; };
		FE8F54501AD0DE4D009FA217 /* JYPinGestureViewController.m */ = {isa = PBXFileReference; fileEncoding = 4; lastKnownFileType = sourcecode.c.objc; path = JYPinGestureViewController.m; sourceTree = "<group>"; };
		FE8F54531AD10E44009FA217 /* JYLockViewController.h */ = {isa = PBXFileReference; fileEncoding = 4; lastKnownFileType = sourcecode.c.h; path = JYLockViewController.h; sourceTree = "<group>"; };
		FE8F54541AD10E44009FA217 /* JYLockViewController.m */ = {isa = PBXFileReference; fileEncoding = 4; lastKnownFileType = sourcecode.c.objc; path = JYLockViewController.m; sourceTree = "<group>"; };
		FE8F54561AD10F7F009FA217 /* JYLockView.h */ = {isa = PBXFileReference; fileEncoding = 4; lastKnownFileType = sourcecode.c.h; path = JYLockView.h; sourceTree = "<group>"; };
		FE8F54571AD10F7F009FA217 /* JYLockView.m */ = {isa = PBXFileReference; fileEncoding = 4; lastKnownFileType = sourcecode.c.objc; path = JYLockView.m; sourceTree = "<group>"; };
		FE8F545E1AD12616009FA217 /* JYClockSlipViewController.h */ = {isa = PBXFileReference; fileEncoding = 4; lastKnownFileType = sourcecode.c.h; path = JYClockSlipViewController.h; sourceTree = "<group>"; };
		FE8F545F1AD12616009FA217 /* JYClockSlipViewController.m */ = {isa = PBXFileReference; fileEncoding = 4; lastKnownFileType = sourcecode.c.objc; path = JYClockSlipViewController.m; sourceTree = "<group>"; };
		FE8F54631AD128BF009FA217 /* JYListTableViewController.h */ = {isa = PBXFileReference; fileEncoding = 4; lastKnownFileType = sourcecode.c.h; path = JYListTableViewController.h; sourceTree = "<group>"; };
		FE8F54641AD128BF009FA217 /* JYListTableViewController.m */ = {isa = PBXFileReference; fileEncoding = 4; lastKnownFileType = sourcecode.c.objc; path = JYListTableViewController.m; sourceTree = "<group>"; };
		FE8F54661AD128BF009FA217 /* JYFriendsModel.h */ = {isa = PBXFileReference; fileEncoding = 4; lastKnownFileType = sourcecode.c.h; path = JYFriendsModel.h; sourceTree = "<group>"; };
		FE8F54671AD128BF009FA217 /* JYFriendsModel.m */ = {isa = PBXFileReference; fileEncoding = 4; lastKnownFileType = sourcecode.c.objc; path = JYFriendsModel.m; sourceTree = "<group>"; };
		FE8F54681AD128BF009FA217 /* JYGroupModel.h */ = {isa = PBXFileReference; fileEncoding = 4; lastKnownFileType = sourcecode.c.h; path = JYGroupModel.h; sourceTree = "<group>"; };
		FE8F54691AD128BF009FA217 /* JYGroupModel.m */ = {isa = PBXFileReference; fileEncoding = 4; lastKnownFileType = sourcecode.c.objc; path = JYGroupModel.m; sourceTree = "<group>"; };
		FE8F546B1AD128BF009FA217 /* JYHeaderView.h */ = {isa = PBXFileReference; fileEncoding = 4; lastKnownFileType = sourcecode.c.h; path = JYHeaderView.h; sourceTree = "<group>"; };
		FE8F546C1AD128BF009FA217 /* JYHeaderView.m */ = {isa = PBXFileReference; fileEncoding = 4; lastKnownFileType = sourcecode.c.objc; path = JYHeaderView.m; sourceTree = "<group>"; };
		FE8F54711AD1294C009FA217 /* friends.plist */ = {isa = PBXFileReference; fileEncoding = 4; lastKnownFileType = text.plist.xml; path = friends.plist; sourceTree = "<group>"; };
/* End PBXFileReference section */

/* Begin PBXFrameworksBuildPhase section */
		CB6C194C1ACA3307002E8D76 /* Frameworks */ = {
			isa = PBXFrameworksBuildPhase;
			buildActionMask = 2147483647;
			files = (
			);
			runOnlyForDeploymentPostprocessing = 0;
		};
		CB6C19651ACA3307002E8D76 /* Frameworks */ = {
			isa = PBXFrameworksBuildPhase;
			buildActionMask = 2147483647;
			files = (
			);
			runOnlyForDeploymentPostprocessing = 0;
		};
/* End PBXFrameworksBuildPhase section */

/* Begin PBXGroup section */
		CB41DD301ACB85400082712F /* lib */ = {
			isa = PBXGroup;
			children = (
				CB41DD311ACB85400082712F /* SDWebImage */,
			);
			path = lib;
			sourceTree = "<group>";
		};
		CB41DD311ACB85400082712F /* SDWebImage */ = {
			isa = PBXGroup;
			children = (
				CB41DD321ACB85400082712F /* MKAnnotationView+WebCache.h */,
				CB41DD331ACB85400082712F /* MKAnnotationView+WebCache.m */,
				CB41DD341ACB85400082712F /* NSData+ImageContentType.h */,
				CB41DD351ACB85400082712F /* NSData+ImageContentType.m */,
				CB41DD361ACB85400082712F /* SDImageCache.h */,
				CB41DD371ACB85400082712F /* SDImageCache.m */,
				CB41DD381ACB85400082712F /* SDWebImageCompat.h */,
				CB41DD391ACB85400082712F /* SDWebImageCompat.m */,
				CB41DD3A1ACB85400082712F /* SDWebImageDecoder.h */,
				CB41DD3B1ACB85400082712F /* SDWebImageDecoder.m */,
				CB41DD3C1ACB85400082712F /* SDWebImageDownloader.h */,
				CB41DD3D1ACB85400082712F /* SDWebImageDownloader.m */,
				CB41DD3E1ACB85400082712F /* SDWebImageDownloaderOperation.h */,
				CB41DD3F1ACB85400082712F /* SDWebImageDownloaderOperation.m */,
				CB41DD401ACB85400082712F /* SDWebImageManager.h */,
				CB41DD411ACB85400082712F /* SDWebImageManager.m */,
				CB41DD421ACB85400082712F /* SDWebImageOperation.h */,
				CB41DD431ACB85400082712F /* SDWebImagePrefetcher.h */,
				CB41DD441ACB85400082712F /* SDWebImagePrefetcher.m */,
				CB41DD451ACB85400082712F /* UIButton+WebCache.h */,
				CB41DD461ACB85400082712F /* UIButton+WebCache.m */,
				CB41DD471ACB85400082712F /* UIImage+GIF.h */,
				CB41DD481ACB85400082712F /* UIImage+GIF.m */,
				CB41DD491ACB85400082712F /* UIImage+MultiFormat.h */,
				CB41DD4A1ACB85400082712F /* UIImage+MultiFormat.m */,
				CB41DD4B1ACB85400082712F /* UIImage+WebP.h */,
				CB41DD4C1ACB85400082712F /* UIImage+WebP.m */,
				CB41DD4D1ACB85400082712F /* UIImageView+HighlightedWebCache.h */,
				CB41DD4E1ACB85400082712F /* UIImageView+HighlightedWebCache.m */,
				CB41DD4F1ACB85400082712F /* UIImageView+WebCache.h */,
				CB41DD501ACB85400082712F /* UIImageView+WebCache.m */,
				CB41DD511ACB85400082712F /* UIView+WebCacheOperation.h */,
				CB41DD521ACB85400082712F /* UIView+WebCacheOperation.m */,
			);
			path = SDWebImage;
			sourceTree = "<group>";
		};
		CB6C19461ACA3307002E8D76 = {
			isa = PBXGroup;
			children = (
				CB6C19511ACA3307002E8D76 /* ByteWorld */,
				CB6C196B1ACA3307002E8D76 /* ByteWorldTests */,
				CB6C19501ACA3307002E8D76 /* Products */,
			);
			sourceTree = "<group>";
		};
		CB6C19501ACA3307002E8D76 /* Products */ = {
			isa = PBXGroup;
			children = (
				CB6C194F1ACA3307002E8D76 /* ByteWorld.app */,
				CB6C19681ACA3307002E8D76 /* ByteWorldTests.xctest */,
			);
			name = Products;
			sourceTree = "<group>";
		};
		CB6C19511ACA3307002E8D76 /* ByteWorld */ = {
			isa = PBXGroup;
			children = (
				CBCF56881AD650D30085EB16 /* JYKit */,
				CB8C1DD91AD61A5D007A08B9 /* Animations */,
				FE8F54611AD12848009FA217 /* QQList */,
				FE8F545D1AD12616009FA217 /* PictureClockSlip */,
				FE8F54521AD10E36009FA217 /* Lock */,
				FE8F544E1AD0DE3A009FA217 /* JYGesture */,
				CB41DD301ACB85400082712F /* lib */,
				CB6C19921ACA8053002E8D76 /* JYWaterFall */,
				CB6C197B1ACA3566002E8D76 /* JYTabBarController */,
				CB6C19561ACA3307002E8D76 /* AppDelegate.h */,
				CB6C19571ACA3307002E8D76 /* AppDelegate.m */,
				CB6C19591ACA3307002E8D76 /* ViewController.h */,
				CB6C195A1ACA3307002E8D76 /* ViewController.m */,
				CB6C195C1ACA3307002E8D76 /* Main.storyboard */,
				CB6C195F1ACA3307002E8D76 /* Images.xcassets */,
				CB6C19611ACA3307002E8D76 /* LaunchScreen.xib */,
				CB6C19521ACA3307002E8D76 /* Supporting Files */,
			);
			path = ByteWorld;
			sourceTree = "<group>";
		};
		CB6C19521ACA3307002E8D76 /* Supporting Files */ = {
			isa = PBXGroup;
			children = (
				CB6C19531ACA3307002E8D76 /* Info.plist */,
				CB6C19541ACA3307002E8D76 /* main.m */,
			);
			name = "Supporting Files";
			sourceTree = "<group>";
		};
		CB6C196B1ACA3307002E8D76 /* ByteWorldTests */ = {
			isa = PBXGroup;
			children = (
				CB6C196E1ACA3307002E8D76 /* ByteWorldTests.m */,
				CB6C196C1ACA3307002E8D76 /* Supporting Files */,
			);
			path = ByteWorldTests;
			sourceTree = "<group>";
		};
		CB6C196C1ACA3307002E8D76 /* Supporting Files */ = {
			isa = PBXGroup;
			children = (
				CB6C196D1ACA3307002E8D76 /* Info.plist */,
			);
			name = "Supporting Files";
			sourceTree = "<group>";
		};
		CB6C197B1ACA3566002E8D76 /* JYTabBarController */ = {
			isa = PBXGroup;
			children = (
				CB6C197C1ACA3566002E8D76 /* JYTabbarViewController.h */,
				CB6C197D1ACA3566002E8D76 /* JYTabbarViewController.m */,
				CB6C19821ACA35D1002E8D76 /* JYTabBar1ViewController.h */,
				CB6C19831ACA35D1002E8D76 /* JYTabBar1ViewController.m */,
				CB6C19851ACA35DA002E8D76 /* JYTabBar2ViewController.h */,
				CB6C19861ACA35DA002E8D76 /* JYTabBar2ViewController.m */,
				CB6C19881ACA35E8002E8D76 /* JYTabBar3ViewController.h */,
				CB6C19891ACA35E8002E8D76 /* JYTabBar3ViewController.m */,
				CB6C198B1ACA4C6B002E8D76 /* JYTabBar4ViewController.h */,
				CB6C198C1ACA4C6B002E8D76 /* JYTabBar4ViewController.m */,
				CB6C198E1ACA6A55002E8D76 /* JYTabPushViewController.h */,
				CB6C198F1ACA6A55002E8D76 /* JYTabPushViewController.m */,
			);
			path = JYTabBarController;
			sourceTree = "<group>";
		};
		CB6C19921ACA8053002E8D76 /* JYWaterFall */ = {
			isa = PBXGroup;
			children = (
				CB6C19931ACA81DE002E8D76 /* JYWaterFallViewController.h */,
				CB6C19941ACA81DE002E8D76 /* JYWaterFallViewController.m */,
				CB41DD631ACB91BF0082712F /* JYWaterFallCollectionViewCell.h */,
				CB41DD641ACB91BF0082712F /* JYWaterFallCollectionViewCell.m */,
				CB41DD661ACB91F10082712F /* JYWaterFallFlowLayout.h */,
				CB41DD671ACB91F10082712F /* JYWaterFallFlowLayout.m */,
			);
			path = JYWaterFall;
			sourceTree = "<group>";
		};
		CB8C1DD91AD61A5D007A08B9 /* Animations */ = {
			isa = PBXGroup;
			children = (
				CB8C1DDA1AD61AA3007A08B9 /* JYAnimationViewController.h */,
				CB8C1DDB1AD61AA3007A08B9 /* JYAnimationViewController.m */,
				CB8C1DDD1AD61D2D007A08B9 /* JYAnimation0ViewController.h */,
				CB8C1DDE1AD61D2D007A08B9 /* JYAnimation0ViewController.m */,
				CB8C1DE01AD6221E007A08B9 /* JYAnimation1ViewController.h */,
				CB8C1DE11AD6221E007A08B9 /* JYAnimation1ViewController.m */,
				CB8C1DE31AD625DD007A08B9 /* JYAnimation2ViewController.h */,
				CB8C1DE41AD625DD007A08B9 /* JYAnimation2ViewController.m */,
				CB8C1DE61AD62FF8007A08B9 /* JYAnimation3ViewController.h */,
				CB8C1DE71AD62FF8007A08B9 /* JYAnimation3ViewController.m */,
				CB5F0FCC1AD644A100E2D907 /* JYAnimation4ViewController.h */,
				CB5F0FCD1AD644A100E2D907 /* JYAnimation4ViewController.m */,
				CB5F0FCF1AD648C700E2D907 /* JYAnimation5ViewController.h */,
				CB5F0FD01AD648C700E2D907 /* JYAnimation5ViewController.m */,
				CBCF56941AD65FE10085EB16 /* JYAnimation6ViewController.h */,
				CBCF56951AD65FE10085EB16 /* JYAnimation6ViewController.m */,
			);
			path = Animations;
			sourceTree = "<group>";
		};
		CBCF56881AD650D30085EB16 /* JYKit */ = {
			isa = PBXGroup;
			children = (
				CBCF56901AD65A0F0085EB16 /* UIAlertView */,
				CBCF568F1AD651330085EB16 /* UITableView */,
				CBCF568C1AD651250085EB16 /* JYKitViewController.h */,
				CBCF568D1AD651250085EB16 /* JYKitViewController.m */,
			);
			path = JYKit;
			sourceTree = "<group>";
		};
		CBCF568F1AD651330085EB16 /* UITableView */ = {
			isa = PBXGroup;
			children = (
				CBCF56891AD650F70085EB16 /* JYTableViewController.h */,
				CBCF568A1AD650F70085EB16 /* JYTableViewController.m */,
			);
			name = UITableView;
			sourceTree = "<group>";
		};
		CBCF56901AD65A0F0085EB16 /* UIAlertView */ = {
			isa = PBXGroup;
			children = (
				CBCF56911AD65F540085EB16 /* JYAlertViewController.h */,
				CBCF56921AD65F540085EB16 /* JYAlertViewController.m */,
			);
			name = UIAlertView;
			sourceTree = "<group>";
		};
		FE8F544E1AD0DE3A009FA217 /* JYGesture */ = {
			isa = PBXGroup;
			children = (
				FE8F544F1AD0DE4D009FA217 /* JYPinGestureViewController.h */,
				FE8F54501AD0DE4D009FA217 /* JYPinGestureViewController.m */,
			);
			path = JYGesture;
			sourceTree = "<group>";
		};
		FE8F54521AD10E36009FA217 /* Lock */ = {
			isa = PBXGroup;
			children = (
				FE8F54531AD10E44009FA217 /* JYLockViewController.h */,
				FE8F54541AD10E44009FA217 /* JYLockViewController.m */,
				FE8F54561AD10F7F009FA217 /* JYLockView.h */,
				FE8F54571AD10F7F009FA217 /* JYLockView.m */,
			);
			path = Lock;
			sourceTree = "<group>";
		};
		FE8F545D1AD12616009FA217 /* PictureClockSlip */ = {
			isa = PBXGroup;
			children = (
				FE8F545E1AD12616009FA217 /* JYClockSlipViewController.h */,
				FE8F545F1AD12616009FA217 /* JYClockSlipViewController.m */,
			);
			path = PictureClockSlip;
			sourceTree = "<group>";
		};
		FE8F54611AD12848009FA217 /* QQList */ = {
			isa = PBXGroup;
			children = (
				FE8F54711AD1294C009FA217 /* friends.plist */,
				FE8F54621AD128BF009FA217 /* Controller */,
				FE8F54651AD128BF009FA217 /* Model */,
				FE8F546A1AD128BF009FA217 /* View */,
			);
			path = QQList;
			sourceTree = "<group>";
		};
		FE8F54621AD128BF009FA217 /* Controller */ = {
			isa = PBXGroup;
			children = (
				FE8F54631AD128BF009FA217 /* JYListTableViewController.h */,
				FE8F54641AD128BF009FA217 /* JYListTableViewController.m */,
			);
			path = Controller;
			sourceTree = "<group>";
		};
		FE8F54651AD128BF009FA217 /* Model */ = {
			isa = PBXGroup;
			children = (
				FE8F54661AD128BF009FA217 /* JYFriendsModel.h */,
				FE8F54671AD128BF009FA217 /* JYFriendsModel.m */,
				FE8F54681AD128BF009FA217 /* JYGroupModel.h */,
				FE8F54691AD128BF009FA217 /* JYGroupModel.m */,
			);
			path = Model;
			sourceTree = "<group>";
		};
		FE8F546A1AD128BF009FA217 /* View */ = {
			isa = PBXGroup;
			children = (
				FE8F546B1AD128BF009FA217 /* JYHeaderView.h */,
				FE8F546C1AD128BF009FA217 /* JYHeaderView.m */,
			);
			path = View;
			sourceTree = "<group>";
		};
/* End PBXGroup section */

/* Begin PBXNativeTarget section */
		CB6C194E1ACA3307002E8D76 /* ByteWorld */ = {
			isa = PBXNativeTarget;
			buildConfigurationList = CB6C19721ACA3307002E8D76 /* Build configuration list for PBXNativeTarget "ByteWorld" */;
			buildPhases = (
				CB6C194B1ACA3307002E8D76 /* Sources */,
				CB6C194C1ACA3307002E8D76 /* Frameworks */,
				CB6C194D1ACA3307002E8D76 /* Resources */,
			);
			buildRules = (
			);
			dependencies = (
			);
			name = ByteWorld;
			productName = ByteWorld;
			productReference = CB6C194F1ACA3307002E8D76 /* ByteWorld.app */;
			productType = "com.apple.product-type.application";
		};
		CB6C19671ACA3307002E8D76 /* ByteWorldTests */ = {
			isa = PBXNativeTarget;
			buildConfigurationList = CB6C19751ACA3307002E8D76 /* Build configuration list for PBXNativeTarget "ByteWorldTests" */;
			buildPhases = (
				CB6C19641ACA3307002E8D76 /* Sources */,
				CB6C19651ACA3307002E8D76 /* Frameworks */,
				CB6C19661ACA3307002E8D76 /* Resources */,
			);
			buildRules = (
			);
			dependencies = (
				CB6C196A1ACA3307002E8D76 /* PBXTargetDependency */,
			);
			name = ByteWorldTests;
			productName = ByteWorldTests;
			productReference = CB6C19681ACA3307002E8D76 /* ByteWorldTests.xctest */;
			productType = "com.apple.product-type.bundle.unit-test";
		};
/* End PBXNativeTarget section */

/* Begin PBXProject section */
		CB6C19471ACA3307002E8D76 /* Project object */ = {
			isa = PBXProject;
			attributes = {
				CLASSPREFIX = JY;
				LastUpgradeCheck = 0620;
				ORGANIZATIONNAME = "方";
				TargetAttributes = {
					CB6C194E1ACA3307002E8D76 = {
						CreatedOnToolsVersion = 6.2;
					};
					CB6C19671ACA3307002E8D76 = {
						CreatedOnToolsVersion = 6.2;
						TestTargetID = CB6C194E1ACA3307002E8D76;
					};
				};
			};
			buildConfigurationList = CB6C194A1ACA3307002E8D76 /* Build configuration list for PBXProject "ByteWorld" */;
			compatibilityVersion = "Xcode 3.2";
			developmentRegion = English;
			hasScannedForEncodings = 0;
			knownRegions = (
				en,
				Base,
			);
			mainGroup = CB6C19461ACA3307002E8D76;
			productRefGroup = CB6C19501ACA3307002E8D76 /* Products */;
			projectDirPath = "";
			projectRoot = "";
			targets = (
				CB6C194E1ACA3307002E8D76 /* ByteWorld */,
				CB6C19671ACA3307002E8D76 /* ByteWorldTests */,
			);
		};
/* End PBXProject section */

/* Begin PBXResourcesBuildPhase section */
		CB6C194D1ACA3307002E8D76 /* Resources */ = {
			isa = PBXResourcesBuildPhase;
			buildActionMask = 2147483647;
			files = (
				CB6C195E1ACA3307002E8D76 /* Main.storyboard in Resources */,
				CB6C19631ACA3307002E8D76 /* LaunchScreen.xib in Resources */,
				FE8F54721AD1294C009FA217 /* friends.plist in Resources */,
				CB6C19601ACA3307002E8D76 /* Images.xcassets in Resources */,
			);
			runOnlyForDeploymentPostprocessing = 0;
		};
		CB6C19661ACA3307002E8D76 /* Resources */ = {
			isa = PBXResourcesBuildPhase;
			buildActionMask = 2147483647;
			files = (
			);
			runOnlyForDeploymentPostprocessing = 0;
		};
/* End PBXResourcesBuildPhase section */

/* Begin PBXSourcesBuildPhase section */
		CB6C194B1ACA3307002E8D76 /* Sources */ = {
			isa = PBXSourcesBuildPhase;
			buildActionMask = 2147483647;
			files = (
				FE8F546E1AD128BF009FA217 /* JYFriendsModel.m in Sources */,
				CB41DD5D1ACB85400082712F /* UIImage+GIF.m in Sources */,
				CB6C19901ACA6A55002E8D76 /* JYTabPushViewController.m in Sources */,
				CB41DD5B1ACB85400082712F /* SDWebImagePrefetcher.m in Sources */,
				FE8F54701AD128BF009FA217 /* JYHeaderView.m in Sources */,
				CB6C195B1ACA3307002E8D76 /* ViewController.m in Sources */,
				FE8F54581AD10F7F009FA217 /* JYLockView.m in Sources */,
				CB5F0FCE1AD644A100E2D907 /* JYAnimation4ViewController.m in Sources */,
				CB6C197E1ACA3566002E8D76 /* JYTabbarViewController.m in Sources */,
				CB41DD541ACB85400082712F /* NSData+ImageContentType.m in Sources */,
				CB6C19581ACA3307002E8D76 /* AppDelegate.m in Sources */,
				CB6C19951ACA81DE002E8D76 /* JYWaterFallViewController.m in Sources */,
				CBCF56931AD65F540085EB16 /* JYAlertViewController.m in Sources */,
				CB8C1DDC1AD61AA3007A08B9 /* JYAnimationViewController.m in Sources */,
				FE8F54551AD10E44009FA217 /* JYLockViewController.m in Sources */,
				CB41DD5C1ACB85400082712F /* UIButton+WebCache.m in Sources */,
				CB8C1DE21AD6221E007A08B9 /* JYAnimation1ViewController.m in Sources */,
				CBCF568B1AD650F70085EB16 /* JYTableViewController.m in Sources */,
				FE8F546F1AD128BF009FA217 /* JYGroupModel.m in Sources */,
				CB41DD591ACB85400082712F /* SDWebImageDownloaderOperation.m in Sources */,
				FE8F54511AD0DE4D009FA217 /* JYPinGestureViewController.m in Sources */,
				CB8C1DDF1AD61D2D007A08B9 /* JYAnimation0ViewController.m in Sources */,
				CB8C1DE51AD625DD007A08B9 /* JYAnimation2ViewController.m in Sources */,
				CB8C1DE81AD62FF8007A08B9 /* JYAnimation3ViewController.m in Sources */,
				FE8F546D1AD128BF009FA217 /* JYListTableViewController.m in Sources */,
				CB41DD651ACB91BF0082712F /* JYWaterFallCollectionViewCell.m in Sources */,
				CBCF56961AD65FE10085EB16 /* JYAnimation6ViewController.m in Sources */,
				CB41DD531ACB85400082712F /* MKAnnotationView+WebCache.m in Sources */,
				CB41DD561ACB85400082712F /* SDWebImageCompat.m in Sources */,
				CB6C19551ACA3307002E8D76 /* main.m in Sources */,
				CB41DD5E1ACB85400082712F /* UIImage+MultiFormat.m in Sources */,
				CB41DD611ACB85400082712F /* UIImageView+WebCache.m in Sources */,
				CB6C198A1ACA35E8002E8D76 /* JYTabBar3ViewController.m in Sources */,
				CB41DD621ACB85400082712F /* UIView+WebCacheOperation.m in Sources */,
				CB6C19871ACA35DA002E8D76 /* JYTabBar2ViewController.m in Sources */,
				CB41DD581ACB85400082712F /* SDWebImageDownloader.m in Sources */,
				CB41DD601ACB85400082712F /* UIImageView+HighlightedWebCache.m in Sources */,
				CB5F0FD11AD648C700E2D907 /* JYAnimation5ViewController.m in Sources */,
				CB41DD571ACB85400082712F /* SDWebImageDecoder.m in Sources */,
				CB41DD5F1ACB85400082712F /* UIImage+WebP.m in Sources */,
				CB41DD5A1ACB85400082712F /* SDWebImageManager.m in Sources */,
				CB6C198D1ACA4C6B002E8D76 /* JYTabBar4ViewController.m in Sources */,
				FE8F54601AD12616009FA217 /* JYClockSlipViewController.m in Sources */,
				CB41DD681ACB91F10082712F /* JYWaterFallFlowLayout.m in Sources */,
				CBCF568E1AD651250085EB16 /* JYKitViewController.m in Sources */,
				CB6C19841ACA35D1002E8D76 /* JYTabBar1ViewController.m in Sources */,
				CB41DD551ACB85400082712F /* SDImageCache.m in Sources */,
			);
			runOnlyForDeploymentPostprocessing = 0;
		};
		CB6C19641ACA3307002E8D76 /* Sources */ = {
			isa = PBXSourcesBuildPhase;
			buildActionMask = 2147483647;
			files = (
				CB6C196F1ACA3307002E8D76 /* ByteWorldTests.m in Sources */,
			);
			runOnlyForDeploymentPostprocessing = 0;
		};
/* End PBXSourcesBuildPhase section */

/* Begin PBXTargetDependency section */
		CB6C196A1ACA3307002E8D76 /* PBXTargetDependency */ = {
			isa = PBXTargetDependency;
			target = CB6C194E1ACA3307002E8D76 /* ByteWorld */;
			targetProxy = CB6C19691ACA3307002E8D76 /* PBXContainerItemProxy */;
		};
/* End PBXTargetDependency section */

/* Begin PBXVariantGroup section */
		CB6C195C1ACA3307002E8D76 /* Main.storyboard */ = {
			isa = PBXVariantGroup;
			children = (
				CB6C195D1ACA3307002E8D76 /* Base */,
			);
			name = Main.storyboard;
			sourceTree = "<group>";
		};
		CB6C19611ACA3307002E8D76 /* LaunchScreen.xib */ = {
			isa = PBXVariantGroup;
			children = (
				CB6C19621ACA3307002E8D76 /* Base */,
			);
			name = LaunchScreen.xib;
			sourceTree = "<group>";
		};
/* End PBXVariantGroup section */

/* Begin XCBuildConfiguration section */
		CB6C19701ACA3307002E8D76 /* Debug */ = {
			isa = XCBuildConfiguration;
			buildSettings = {
				ALWAYS_SEARCH_USER_PATHS = NO;
				CLANG_CXX_LANGUAGE_STANDARD = "gnu++0x";
				CLANG_CXX_LIBRARY = "libc++";
				CLANG_ENABLE_MODULES = YES;
				CLANG_ENABLE_OBJC_ARC = YES;
				CLANG_WARN_BOOL_CONVERSION = YES;
				CLANG_WARN_CONSTANT_CONVERSION = YES;
				CLANG_WARN_DIRECT_OBJC_ISA_USAGE = YES_ERROR;
				CLANG_WARN_EMPTY_BODY = YES;
				CLANG_WARN_ENUM_CONVERSION = YES;
				CLANG_WARN_INT_CONVERSION = YES;
				CLANG_WARN_OBJC_ROOT_CLASS = YES_ERROR;
				CLANG_WARN_UNREACHABLE_CODE = YES;
				CLANG_WARN__DUPLICATE_METHOD_MATCH = YES;
				"CODE_SIGN_IDENTITY[sdk=iphoneos*]" = "iPhone Developer";
				COPY_PHASE_STRIP = NO;
				ENABLE_STRICT_OBJC_MSGSEND = YES;
				GCC_C_LANGUAGE_STANDARD = gnu99;
				GCC_DYNAMIC_NO_PIC = NO;
				GCC_OPTIMIZATION_LEVEL = 0;
				GCC_PREPROCESSOR_DEFINITIONS = (
					"DEBUG=1",
					"$(inherited)",
				);
				GCC_SYMBOLS_PRIVATE_EXTERN = NO;
				GCC_WARN_64_TO_32_BIT_CONVERSION = YES;
				GCC_WARN_ABOUT_RETURN_TYPE = YES_ERROR;
				GCC_WARN_UNDECLARED_SELECTOR = YES;
				GCC_WARN_UNINITIALIZED_AUTOS = YES_AGGRESSIVE;
				GCC_WARN_UNUSED_FUNCTION = YES;
				GCC_WARN_UNUSED_VARIABLE = YES;
				IPHONEOS_DEPLOYMENT_TARGET = 8.2;
				MTL_ENABLE_DEBUG_INFO = YES;
				ONLY_ACTIVE_ARCH = YES;
				SDKROOT = iphoneos;
			};
			name = Debug;
		};
		CB6C19711ACA3307002E8D76 /* Release */ = {
			isa = XCBuildConfiguration;
			buildSettings = {
				ALWAYS_SEARCH_USER_PATHS = NO;
				CLANG_CXX_LANGUAGE_STANDARD = "gnu++0x";
				CLANG_CXX_LIBRARY = "libc++";
				CLANG_ENABLE_MODULES = YES;
				CLANG_ENABLE_OBJC_ARC = YES;
				CLANG_WARN_BOOL_CONVERSION = YES;
				CLANG_WARN_CONSTANT_CONVERSION = YES;
				CLANG_WARN_DIRECT_OBJC_ISA_USAGE = YES_ERROR;
				CLANG_WARN_EMPTY_BODY = YES;
				CLANG_WARN_ENUM_CONVERSION = YES;
				CLANG_WARN_INT_CONVERSION = YES;
				CLANG_WARN_OBJC_ROOT_CLASS = YES_ERROR;
				CLANG_WARN_UNREACHABLE_CODE = YES;
				CLANG_WARN__DUPLICATE_METHOD_MATCH = YES;
				"CODE_SIGN_IDENTITY[sdk=iphoneos*]" = "iPhone Developer";
				COPY_PHASE_STRIP = NO;
				ENABLE_NS_ASSERTIONS = NO;
				ENABLE_STRICT_OBJC_MSGSEND = YES;
				GCC_C_LANGUAGE_STANDARD = gnu99;
				GCC_WARN_64_TO_32_BIT_CONVERSION = YES;
				GCC_WARN_ABOUT_RETURN_TYPE = YES_ERROR;
				GCC_WARN_UNDECLARED_SELECTOR = YES;
				GCC_WARN_UNINITIALIZED_AUTOS = YES_AGGRESSIVE;
				GCC_WARN_UNUSED_FUNCTION = YES;
				GCC_WARN_UNUSED_VARIABLE = YES;
				IPHONEOS_DEPLOYMENT_TARGET = 8.2;
				MTL_ENABLE_DEBUG_INFO = NO;
				SDKROOT = iphoneos;
				VALIDATE_PRODUCT = YES;
			};
			name = Release;
		};
		CB6C19731ACA3307002E8D76 /* Debug */ = {
			isa = XCBuildConfiguration;
			buildSettings = {
				ASSETCATALOG_COMPILER_APPICON_NAME = AppIcon;
				INFOPLIST_FILE = ByteWorld/Info.plist;
				LD_RUNPATH_SEARCH_PATHS = "$(inherited) @executable_path/Frameworks";
				PRODUCT_NAME = "$(TARGET_NAME)";
			};
			name = Debug;
		};
		CB6C19741ACA3307002E8D76 /* Release */ = {
			isa = XCBuildConfiguration;
			buildSettings = {
				ASSETCATALOG_COMPILER_APPICON_NAME = AppIcon;
				INFOPLIST_FILE = ByteWorld/Info.plist;
				LD_RUNPATH_SEARCH_PATHS = "$(inherited) @executable_path/Frameworks";
				PRODUCT_NAME = "$(TARGET_NAME)";
			};
			name = Release;
		};
		CB6C19761ACA3307002E8D76 /* Debug */ = {
			isa = XCBuildConfiguration;
			buildSettings = {
				BUNDLE_LOADER = "$(TEST_HOST)";
				FRAMEWORK_SEARCH_PATHS = (
					"$(SDKROOT)/Developer/Library/Frameworks",
					"$(inherited)",
				);
				GCC_PREPROCESSOR_DEFINITIONS = (
					"DEBUG=1",
					"$(inherited)",
				);
				INFOPLIST_FILE = ByteWorldTests/Info.plist;
				LD_RUNPATH_SEARCH_PATHS = "$(inherited) @executable_path/Frameworks @loader_path/Frameworks";
				PRODUCT_NAME = "$(TARGET_NAME)";
				TEST_HOST = "$(BUILT_PRODUCTS_DIR)/ByteWorld.app/ByteWorld";
			};
			name = Debug;
		};
		CB6C19771ACA3307002E8D76 /* Release */ = {
			isa = XCBuildConfiguration;
			buildSettings = {
				BUNDLE_LOADER = "$(TEST_HOST)";
				FRAMEWORK_SEARCH_PATHS = (
					"$(SDKROOT)/Developer/Library/Frameworks",
					"$(inherited)",
				);
				INFOPLIST_FILE = ByteWorldTests/Info.plist;
				LD_RUNPATH_SEARCH_PATHS = "$(inherited) @executable_path/Frameworks @loader_path/Frameworks";
				PRODUCT_NAME = "$(TARGET_NAME)";
				TEST_HOST = "$(BUILT_PRODUCTS_DIR)/ByteWorld.app/ByteWorld";
			};
			name = Release;
		};
/* End XCBuildConfiguration section */

/* Begin XCConfigurationList section */
		CB6C194A1ACA3307002E8D76 /* Build configuration list for PBXProject "ByteWorld" */ = {
			isa = XCConfigurationList;
			buildConfigurations = (
				CB6C19701ACA3307002E8D76 /* Debug */,
				CB6C19711ACA3307002E8D76 /* Release */,
			);
			defaultConfigurationIsVisible = 0;
			defaultConfigurationName = Release;
		};
		CB6C19721ACA3307002E8D76 /* Build configuration list for PBXNativeTarget "ByteWorld" */ = {
			isa = XCConfigurationList;
			buildConfigurations = (
				CB6C19731ACA3307002E8D76 /* Debug */,
				CB6C19741ACA3307002E8D76 /* Release */,
			);
			defaultConfigurationIsVisible = 0;
			defaultConfigurationName = Release;
		};
		CB6C19751ACA3307002E8D76 /* Build configuration list for PBXNativeTarget "ByteWorldTests" */ = {
			isa = XCConfigurationList;
			buildConfigurations = (
				CB6C19761ACA3307002E8D76 /* Debug */,
				CB6C19771ACA3307002E8D76 /* Release */,
			);
			defaultConfigurationIsVisible = 0;
			defaultConfigurationName = Release;
		};
/* End XCConfigurationList section */
	};
	rootObject = CB6C19471ACA3307002E8D76 /* Project object */;
}
